// !$*UTF8*$!
{
	archiveVersion = 1;
	classes = {
	};
	objectVersion = 46;
	objects = {

/* Begin PBXBuildFile section */
		3D2CD3871E0CF3BD002EDCF7 /* AppDelegate.swift in Sources */ = {isa = PBXBuildFile; fileRef = 3D2CD3861E0CF3BD002EDCF7 /* AppDelegate.swift */; };
		3D2CD3891E0CF3BD002EDCF7 /* ViewController.swift in Sources */ = {isa = PBXBuildFile; fileRef = 3D2CD3881E0CF3BD002EDCF7 /* ViewController.swift */; };
		3D2CD38C1E0CF3BD002EDCF7 /* Main.storyboard in Resources */ = {isa = PBXBuildFile; fileRef = 3D2CD38A1E0CF3BD002EDCF7 /* Main.storyboard */; };
		3D2CD38E1E0CF3BD002EDCF7 /* Assets.xcassets in Resources */ = {isa = PBXBuildFile; fileRef = 3D2CD38D1E0CF3BD002EDCF7 /* Assets.xcassets */; };
		3D2CD3911E0CF3BD002EDCF7 /* LaunchScreen.storyboard in Resources */ = {isa = PBXBuildFile; fileRef = 3D2CD38F1E0CF3BD002EDCF7 /* LaunchScreen.storyboard */; };
		3D2CD3991E0CFAD7002EDCF7 /* ScaleSegue.swift in Sources */ = {isa = PBXBuildFile; fileRef = 3D2CD3981E0CFAD7002EDCF7 /* ScaleSegue.swift */; };
/* End PBXBuildFile section */

/* Begin PBXFileReference section */
		3D2CD3831E0CF3BD002EDCF7 /* CustomTransition.app */ = {isa = PBXFileReference; explicitFileType = wrapper.application; includeInIndex = 0; path = CustomTransition.app; sourceTree = BUILT_PRODUCTS_DIR; };
		3D2CD3861E0CF3BD002EDCF7 /* AppDelegate.swift */ = {isa = PBXFileReference; lastKnownFileType = sourcecode.swift; path = AppDelegate.swift; sourceTree = "<group>"; };
		3D2CD3881E0CF3BD002EDCF7 /* ViewController.swift */ = {isa = PBXFileReference; lastKnownFileType = sourcecode.swift; path = ViewController.swift; sourceTree = "<group>"; };
		3D2CD38B1E0CF3BD002EDCF7 /* Base */ = {isa = PBXFileReference; lastKnownFileType = file.storyboard; name = Base; path = Base.lproj/Main.storyboard; sourceTree = "<group>"; };
		3D2CD38D1E0CF3BD002EDCF7 /* Assets.xcassets */ = {isa = PBXFileReference; lastKnownFileType = folder.assetcatalog; path = Assets.xcassets; sourceTree = "<group>"; };
		3D2CD3901E0CF3BD002EDCF7 /* Base */ = {isa = PBXFileReference; lastKnownFileType = file.storyboard; name = Base; path = Base.lproj/LaunchScreen.storyboard; sourceTree = "<group>"; };
		3D2CD3921E0CF3BD002EDCF7 /* Info.plist */ = {isa = PBXFileReference; lastKnownFileType = text.plist.xml; path = Info.plist; sourceTree = "<group>"; };
		3D2CD3981E0CFAD7002EDCF7 /* ScaleSegue.swift */ = {isa = PBXFileReference; fileEncoding = 4; lastKnownFileType = sourcecode.swift; path = ScaleSegue.swift; sourceTree = "<group>"; };
/* End PBXFileReference section */

/* Begin PBXFrameworksBuildPhase section */
		3D2CD3801E0CF3BD002EDCF7 /* Frameworks */ = {
			isa = PBXFrameworksBuildPhase;
			buildActionMask = 2147483647;
			files = (
			);
			runOnlyForDeploymentPostprocessing = 0;
		};
/* End PBXFrameworksBuildPhase section */

/* Begin PBXGroup section */
		3D2CD37A1E0CF3BD002EDCF7 = {
			isa = PBXGroup;
			children = (
				3D2CD3851E0CF3BD002EDCF7 /* CustomTransition */,
				3D2CD3841E0CF3BD002EDCF7 /* Products */,
			);
			sourceTree = "<group>";
		};
		3D2CD3841E0CF3BD002EDCF7 /* Products */ = {
			isa = PBXGroup;
			children = (
				3D2CD3831E0CF3BD002EDCF7 /* CustomTransition.app */,
			);
			name = Products;
			sourceTree = "<group>";
		};
		3D2CD3851E0CF3BD002EDCF7 /* CustomTransition */ = {
			isa = PBXGroup;
			children = (
				3D2CD3861E0CF3BD002EDCF7 /* AppDelegate.swift */,
				3D2CD3881E0CF3BD002EDCF7 /* ViewController.swift */,
				3D2CD38A1E0CF3BD002EDCF7 /* Main.storyboard */,
				3D2CD38D1E0CF3BD002EDCF7 /* Assets.xcassets */,
				3D2CD38F1E0CF3BD002EDCF7 /* LaunchScreen.storyboard */,
				3D2CD3921E0CF3BD002EDCF7 /* Info.plist */,
				3D2CD3981E0CFAD7002EDCF7 /* ScaleSegue.swift */,
			);
			path = CustomTransition;
			sourceTree = "<group>";
		};
/* End PBXGroup section */

/* Begin PBXNativeTarget section */
		3D2CD3821E0CF3BD002EDCF7 /* CustomTransition */ = {
			isa = PBXNativeTarget;
			buildConfigurationList = 3D2CD3951E0CF3BD002EDCF7 /* Build configuration list for PBXNativeTarget "CustomTransition" */;
			buildPhases = (
				3D2CD37F1E0CF3BD002EDCF7 /* Sources */,
				3D2CD3801E0CF3BD002EDCF7 /* Frameworks */,
				3D2CD3811E0CF3BD002EDCF7 /* Resources */,
			);
			buildRules = (
			);
			dependencies = (
			);
			name = CustomTransition;
			productName = CustomTransition;
			productReference = 3D2CD3831E0CF3BD002EDCF7 /* CustomTransition.app */;
			productType = "com.apple.product-type.application";
		};
/* End PBXNativeTarget section */

/* Begin PBXProject section */
		3D2CD37B1E0CF3BD002EDCF7 /* Project object */ = {
			isa = PBXProject;
			attributes = {
				LastSwiftUpdateCheck = 0810;
				LastUpgradeCheck = 0810;
				ORGANIZATIONNAME = Sanjay;
				TargetAttributes = {
					3D2CD3821E0CF3BD002EDCF7 = {
						CreatedOnToolsVersion = 8.1;
						DevelopmentTeam = QY8PV2R65U;
						ProvisioningStyle = Automatic;
					};
				};
			};
			buildConfigurationList = 3D2CD37E1E0CF3BD002EDCF7 /* Build configuration list for PBXProject "CustomTransition" */;
			compatibilityVersion = "Xcode 3.2";
			developmentRegion = English;
			hasScannedForEncodings = 0;
			knownRegions = (
				en,
				Base,
			);
			mainGroup = 3D2CD37A1E0CF3BD002EDCF7;
			productRefGroup = 3D2CD3841E0CF3BD002EDCF7 /* Products */;
			projectDirPath = "";
			projectRoot = "";
			targets = (
				3D2CD3821E0CF3BD002EDCF7 /* CustomTransition */,
			);
		};
/* End PBXProject section */

/* Begin PBXResourcesBuildPhase section */
		3D2CD3811E0CF3BD002EDCF7 /* Resources */ = {
			isa = PBXResourcesBuildPhase;
			buildActionMask = 2147483647;
			files = (
				3D2CD3911E0CF3BD002EDCF7 /* LaunchScreen.storyboard in Resources */,
				3D2CD38E1E0CF3BD002EDCF7 /* Assets.xcassets in Resources */,
				3D2CD38C1E0CF3BD002EDCF7 /* Main.storyboard in Resources */,
			);
			runOnlyForDeploymentPostprocessing = 0;
		};
/* End PBXResourcesBuildPhase section */

/* Begin PBXSourcesBuildPhase section */
		3D2CD37F1E0CF3BD002EDCF7 /* Sources */ = {
			isa = PBXSourcesBuildPhase;
			buildActionMask = 2147483647;
			files = (
				3D2CD3891E0CF3BD002EDCF7 /* ViewController.swift in Sources */,
				3D2CD3871E0CF3BD002EDCF7 /* AppDelegate.swift in Sources */,
				3D2CD3991E0CFAD7002EDCF7 /* ScaleSegue.swift in Sources */,
			);
			runOnlyForDeploymentPostprocessing = 0;
		};
/* End PBXSourcesBuildPhase section */

/* Begin PBXVariantGroup section */
		3D2CD38A1E0CF3BD002EDCF7 /* Main.storyboard */ = {
			isa = PBXVariantGroup;
			children = (
				3D2CD38B1E0CF3BD002EDCF7 /* Base */,
			);
			name = Main.storyboard;
			sourceTree = "<group>";
		};
		3D2CD38F1E0CF3BD002EDCF7 /* LaunchScreen.storyboard */ = {
			isa = PBXVariantGroup;
			children = (
				3D2CD3901E0CF3BD002EDCF7 /* Base */,
			);
			name = LaunchScreen.storyboard;
			sourceTree = "<group>";
		};
/* End PBXVariantGroup section */

/* Begin XCBuildConfiguration section */
		3D2CD3931E0CF3BD002EDCF7 /* Debug */ = {
			isa = XCBuildConfiguration;
			buildSettings = {
				ALWAYS_SEARCH_USER_PATHS = NO;
				CLANG_ANALYZER_NONNULL = YES;
				CLANG_CXX_LANGUAGE_STANDARD = "gnu++0x";
				CLANG_CXX_LIBRARY = "libc++";
				CLANG_ENABLE_MODULES = YES;
				CLANG_ENABLE_OBJC_ARC = YES;
				CLANG_WARN_BOOL_CONVERSION = YES;
				CLANG_WARN_CONSTANT_CONVERSION = YES;
				CLANG_WARN_DIRECT_OBJC_ISA_USAGE = YES_ERROR;
				CLANG_WARN_DOCUMENTATION_COMMENTS = YES;
				CLANG_WARN_EMPTY_BODY = YES;
				CLANG_WARN_ENUM_CONVERSION = YES;
				CLANG_WARN_INFINITE_RECURSION = YES;
				CLANG_WARN_INT_CONVERSION = YES;
				CLANG_WARN_OBJC_ROOT_CLASS = YES_ERROR;
				CLANG_WARN_SUSPICIOUS_MOVES = YES;
				CLANG_WARN_UNREACHABLE_CODE = YES;
				CLANG_WARN__DUPLICATE_METHOD_MATCH = YES;
				"CODE_SIGN_IDENTITY[sdk=iphoneos*]" = "iPhone Developer";
				COPY_PHASE_STRIP = NO;
				DEBUG_INFORMATION_FORMAT = dwarf;
				ENABLE_STRICT_OBJC_MSGSEND = YES;
				ENABLE_TESTABILITY = YES;
				GCC_C_LANGUAGE_STANDARD = gnu99;
				GCC_DYNAMIC_NO_PIC = NO;
				GCC_NO_COMMON_BLOCKS = YES;
				GCC_OPTIMIZATION_LEVEL = 0;
				GCC_PREPROCESSOR_DEFINITIONS = (
					"DEBUG=1",
					"$(inherited)",
				);
				GCC_WARN_64_TO_32_BIT_CONVERSION = YES;
				GCC_WARN_ABOUT_RETURN_TYPE = YES_ERROR;
				GCC_WARN_UNDECLARED_SELECTOR = YES;
				GCC_WARN_UNINITIALIZED_AUTOS = YES_AGGRESSIVE;
				GCC_WARN_UNUSED_FUNCTION = YES;
				GCC_WARN_UNUSED_VARIABLE = YES;
				IPHONEOS_DEPLOYMENT_TARGET = 10.1;
				MTL_ENABLE_DEBUG_INFO = YES;
				ONLY_ACTIVE_ARCH = YES;
				SDKROOT = iphoneos;
				SWIFT_ACTIVE_COMPILATION_CONDITIONS = DEBUG;
				SWIFT_OPTIMIZATION_LEVEL = "-Onone";
				TARGETED_DEVICE_FAMILY = "1,2";
			};
			name = Debug;
		};
		3D2CD3941E0CF3BD002EDCF7 /* Release */ = {
			isa = XCBuildConfiguration;
			buildSettings = {
				ALWAYS_SEARCH_USER_PATHS = NO;
				CLANG_ANALYZER_NONNULL = YES;
				CLANG_CXX_LANGUAGE_STANDARD = "gnu++0x";
				CLANG_CXX_LIBRARY = "libc++";
				CLANG_ENABLE_MODULES = YES;
				CLANG_ENABLE_OBJC_ARC = YES;
				CLANG_WARN_BOOL_CONVERSION = YES;
				CLANG_WARN_CONSTANT_CONVERSION = YES;
				CLANG_WARN_DIRECT_OBJC_ISA_USAGE = YES_ERROR;
				CLANG_WARN_DOCUMENTATION_COMMENTS = YES;
				CLANG_WARN_EMPTY_BODY = YES;
				CLANG_WARN_ENUM_CONVERSION = YES;
				CLANG_WARN_INFINITE_RECURSION = YES;
				CLANG_WARN_INT_CONVERSION = YES;
				CLANG_WARN_OBJC_ROOT_CLASS = YES_ERROR;
				CLANG_WARN_SUSPICIOUS_MOVES = YES;
				CLANG_WARN_UNREACHABLE_CODE = YES;
				CLANG_WARN__DUPLICATE_METHOD_MATCH = YES;
				"CODE_SIGN_IDENTITY[sdk=iphoneos*]" = "iPhone Developer";
				COPY_PHASE_STRIP = NO;
				DEBUG_INFORMATION_FORMAT = "dwarf-with-dsym";
				ENABLE_NS_ASSERTIONS = NO;
				ENABLE_STRICT_OBJC_MSGSEND = YES;
				GCC_C_LANGUAGE_STANDARD = gnu99;
				GCC_NO_COMMON_BLOCKS = YES;
				GCC_WARN_64_TO_32_BIT_CONVERSION = YES;
				GCC_WARN_ABOUT_RETURN_TYPE = YES_ERROR;
				GCC_WARN_UNDECLARED_SELECTOR = YES;
				GCC_WARN_UNINITIALIZED_AUTOS = YES_AGGRESSIVE;
				GCC_WARN_UNUSED_FUNCTION = YES;
				GCC_WARN_UNUSED_VARIABLE = YES;
				IPHONEOS_DEPLOYMENT_TARGET = 10.1;
				MTL_ENABLE_DEBUG_INFO = NO;
				SDKROOT = iphoneos;
				SWIFT_OPTIMIZATION_LEVEL = "-Owholemodule";
				TARGETED_DEVICE_FAMILY = "1,2";
				VALIDATE_PRODUCT = YES;
			};
			name = Release;
		};
		3D2CD3961E0CF3BD002EDCF7 /* Debug */ = {
			isa = XCBuildConfiguration;
			buildSettings = {
				ASSETCATALOG_COMPILER_APPICON_NAME = AppIcon;
				DEVELOPMENT_TEAM = QY8PV2R65U;
				INFOPLIST_FILE = CustomTransition/Info.plist;
				LD_RUNPATH_SEARCH_PATHS = "$(inherited) @executable_path/Frameworks";
				PRODUCT_BUNDLE_IDENTIFIER = com.theiOSDeveloper.CustomTransition;
				PRODUCT_NAME = "$(TARGET_NAME)";
				SWIFT_VERSION = 3.0;
			};
			name = Debug;
		};
		3D2CD3971E0CF3BD002EDCF7 /* Release */ = {
			isa = XCBuildConfiguration;
			buildSettings = {
				ASSETCATALOG_COMPILER_APPICON_NAME = AppIcon;
				DEVELOPMENT_TEAM = QY8PV2R65U;
				INFOPLIST_FILE = CustomTransition/Info.plist;
				LD_RUNPATH_SEARCH_PATHS = "$(inherited) @executable_path/Frameworks";
				PRODUCT_BUNDLE_IDENTIFIER = com.theiOSDeveloper.CustomTransition;
				PRODUCT_NAME = "$(TARGET_NAME)";
				SWIFT_VERSION = 3.0;
			};
			name = Release;
		};
/* End XCBuildConfiguration section */

/* Begin XCConfigurationList section */
		3D2CD37E1E0CF3BD002EDCF7 /* Build configuration list for PBXProject "CustomTransition" */ = {
			isa = XCConfigurationList;
			buildConfigurations = (
				3D2CD3931E0CF3BD002EDCF7 /* Debug */,
				3D2CD3941E0CF3BD002EDCF7 /* Release */,
			);
			defaultConfigurationIsVisible = 0;
			defaultConfigurationName = Release;
		};
		3D2CD3951E0CF3BD002EDCF7 /* Build configuration list for PBXNativeTarget "CustomTransition" */ = {
			isa = XCConfigurationList;
			buildConfigurations = (
				3D2CD3961E0CF3BD002EDCF7 /* Debug */,
				3D2CD3971E0CF3BD002EDCF7 /* Release */,
			);
			defaultConfigurationIsVisible = 0;
		};
/* End XCConfigurationList section */
	};
	rootObject = 3D2CD37B1E0CF3BD002EDCF7 /* Project object */;
}
